
Microsoft Visual Studio Solution File, Format Version 12.00
# Visual Studio Version 16
VisualStudioVersion = 16.0.30523.141
MinimumVisualStudioVersion = 10.0.40219.1
Project("{8BC9CEB8-8B4A-11D0-8D11-00A0C91BC942}") = "Лаба 19", "Лаба 19.vcxproj", "{CD94AC9A-0588-41F1-BA31-990F97012D83}"
EndProject
Global
	GlobalSection(SolutionConfigurationPlatforms) = preSolution
		Debug|x64 = Debug|x64
		Debug|x86 = Debug|x86
		Release|x64 = Release|x64
		Release|x86 = Release|x86
	EndGlobalSection
	GlobalSection(ProjectConfigurationPlatforms) = postSolution
		{CD94AC9A-0588-41F1-BA31-990F97012D83}.Debug|x64.ActiveCfg = Debug|x64
		{CD94AC9A-0588-41F1-BA31-990F97012D83}.Debug|x64.Build.0 = Debug|x64
		{CD94AC9A-0588-41F1-BA31-990F97012D83}.Debug|x86.ActiveCfg = Debug|Win32
		{CD94AC9A-0588-41F1-BA31-990F97012D83}.Debug|x86.Build.0 = Debug|Win32
		{CD94AC9A-0588-41F1-BA31-990F97012D83}.Release|x64.ActiveCfg = Release|x64
		{CD94AC9A-0588-41F1-BA31-990F97012D83}.Release|x64.Build.0 = Release|x64
		{CD94AC9A-0588-41F1-BA31-990F97012D83}.Release|x86.ActiveCfg = Release|Win32
		{CD94AC9A-0588-41F1-BA31-990F97012D83}.Release|x86.Build.0 = Release|Win32
	EndGlobalSection
	GlobalSection(SolutionProperties) = preSolution
		HideSolutionNode = FALSE
	EndGlobalSection
	GlobalSection(ExtensibilityGlobals) = postSolution
		SolutionGuid = {AE8675FE-B3E1-4482-8473-CE27A260EA88}
	EndGlobalSection
EndGlobal
